
Microsoft Visual Studio Solution File, Format Version 12.00
# Visual Studio Version 17
VisualStudioVersion = 17.4.33403.182
MinimumVisualStudioVersion = 10.0.40219.1
Project("{FAE04EC0-301F-11D3-BF4B-00C04F79EFBC}") = "capicchioni.davide.4h.threads", "capicchioni.davide.4h.threads\capicchioni.davide.4h.threads.csproj", "{AC1E62AC-6924-4B0A-82FD-406BF14FA3BB}"
EndProject
Global
	GlobalSection(SolutionConfigurationPlatforms) = preSolution
		Debug|Any CPU = Debug|Any CPU
		Release|Any CPU = Release|Any CPU
	EndGlobalSection
	GlobalSection(ProjectConfigurationPlatforms) = postSolution
		{AC1E62AC-6924-4B0A-82FD-406BF14FA3BB}.Debug|Any CPU.ActiveCfg = Debug|Any CPU
		{AC1E62AC-6924-4B0A-82FD-406BF14FA3BB}.Debug|Any CPU.Build.0 = Debug|Any CPU
		{AC1E62AC-6924-4B0A-82FD-406BF14FA3BB}.Release|Any CPU.ActiveCfg = Release|Any CPU
		{AC1E62AC-6924-4B0A-82FD-406BF14FA3BB}.Release|Any CPU.Build.0 = Release|Any CPU
	EndGlobalSection
	GlobalSection(SolutionProperties) = preSolution
		HideSolutionNode = FALSE
	EndGlobalSection
	GlobalSection(ExtensibilityGlobals) = postSolution
		SolutionGuid = {B3C69DBE-8495-4EDC-AD71-62E7B9075E47}
	EndGlobalSection
EndGlobal
